{
  "name": "@applicvision/frontend-friends",
  "version": "1.13.0",
  "lockfileVersion": 3,
  "requires": true,
  "packages": {
    "": {
      "name": "@applicvision/frontend-friends",
      "version": "1.13.0",
      "license": "MIT",
      "devDependencies": {
        "@applicvision/js-toolbox": "latest",
        "@playwright/test": "^1.56.1"
      }
    },
    "node_modules/@applicvision/js-toolbox": {
      "version": "2.11.3",
      "resolved": "https://registry.npmjs.org/@applicvision/js-toolbox/-/js-toolbox-2.11.3.tgz",
      "integrity": "sha512-py96OaL9lYpeyp3RqI2Zbsat8VYuwyy8T71E4o7yt3FgFoOH9r2iSrjMSEkAu8sLQRIL7RP3x5nw1ObwCsJyxw==",
      "dev": true,
      "license": "MIT",
      "bin": {
        "autoreload": "src/bin/autoreload.bin.js",
        "filewatcher": "src/bin/filewatcher.bin.js",
        "self-serve": "src/bin/self-serve.bin.js",
        "test-browser": "src/bin/testrunner-browser.bin.js",
        "testa": "src/bin/testrunner.bin.js",
        "toolbox-playground": "src/bin/playground.bin.js"
      }
    },
    "node_modules/@playwright/test": {
      "version": "1.56.1",
      "resolved": "https://registry.npmjs.org/@playwright/test/-/test-1.56.1.tgz",
      "integrity": "sha512-vSMYtL/zOcFpvJCW71Q/OEGQb7KYBPAdKh35WNSkaZA75JlAO8ED8UN6GUNTm3drWomcbcqRPFqQbLae8yBTdg==",
      "dev": true,
      "license": "Apache-2.0",
      "dependencies": {
        "playwright": "1.56.1"
      },
      "bin": {
        "playwright": "cli.js"
      },
      "engines": {
        "node": ">=18"
      }
    },
    "node_modules/fsevents": {
      "version": "2.3.2",
      "resolved": "https://registry.npmjs.org/fsevents/-/fsevents-2.3.2.tgz",
      "integrity": "sha512-xiqMQR4xAeHTuB9uWm+fFRcIOgKBMiOBP+eXiyT7jsgVCq1bkVygt00oASowB7EdtpOHaaPgKt812P9ab+DDKA==",
      "dev": true,
      "hasInstallScript": true,
      "license": "MIT",
      "optional": true,
      "os": [
        "darwin"
      ],
      "engines": {
        "node": "^8.16.0 || ^10.6.0 || >=11.0.0"
      }
    },
    "node_modules/playwright": {
      "version": "1.56.1",
      "resolved": "https://registry.npmjs.org/playwright/-/playwright-1.56.1.tgz",
      "integrity": "sha512-aFi5B0WovBHTEvpM3DzXTUaeN6eN0qWnTkKx4NQaH4Wvcmc153PdaY2UBdSYKaGYw+UyWXSVyxDUg5DoPEttjw==",
      "dev": true,
      "license": "Apache-2.0",
      "dependencies": {
        "playwright-core": "1.56.1"
      },
      "bin": {
        "playwright": "cli.js"
      },
      "engines": {
        "node": ">=18"
      },
      "optionalDependencies": {
        "fsevents": "2.3.2"
      }
    },
    "node_modules/playwright-core": {
      "version": "1.56.1",
      "resolved": "https://registry.npmjs.org/playwright-core/-/playwright-core-1.56.1.tgz",
      "integrity": "sha512-hutraynyn31F+Bifme+Ps9Vq59hKuUCz7H1kDOcBs+2oGguKkWTU50bBWrtz34OUWmIwpBTWDxaRPXrIXkgvmQ==",
      "dev": true,
      "license": "Apache-2.0",
      "bin": {
        "playwright-core": "cli.js"
      },
      "engines": {
        "node": ">=18"
      }
    }
  }
}
